// !$*UTF8*$!
{
	archiveVersion = 1;
	classes = {
	};
	objectVersion = 51;
	objects = {

/* Begin PBXBuildFile section */
		1F44C780243FEA770073D59F /* CircleImage.swift in Sources */ = {isa = PBXBuildFile; fileRef = 1F44C77F243FEA770073D59F /* CircleImage.swift */; };
		1F44C782243FF1820073D59F /* PizzeriaRow.swift in Sources */ = {isa = PBXBuildFile; fileRef = 1F44C781243FF1820073D59F /* PizzeriaRow.swift */; };
		1F44C784243FFD390073D59F /* MenuItemRow.swift in Sources */ = {isa = PBXBuildFile; fileRef = 1F44C783243FFD390073D59F /* MenuItemRow.swift */; };
		1F54CFF5241AFAD000FFE397 /* DebugView.swift in Sources */ = {isa = PBXBuildFile; fileRef = 1F54CFF4241AFAD000FFE397 /* DebugView.swift */; };
		1F54CFFA241B006100FFE397 /* Pizzeria.swift in Sources */ = {isa = PBXBuildFile; fileRef = 1F54CFF9241B006100FFE397 /* Pizzeria.swift */; };
		1F846BE7244927A6009FAEDD /* MenuItemDetailView.swift in Sources */ = {isa = PBXBuildFile; fileRef = 1F846BE6244927A6009FAEDD /* MenuItemDetailView.swift */; };
		1F846BE9244933B0009FAEDD /* AppTabView.swift in Sources */ = {isa = PBXBuildFile; fileRef = 1F846BE8244933B0009FAEDD /* AppTabView.swift */; };
		1F846BEB244934D8009FAEDD /* CartView.swift in Sources */ = {isa = PBXBuildFile; fileRef = 1F846BEA244934D8009FAEDD /* CartView.swift */; };
		1F846BED24493EC8009FAEDD /* CheckoutView.swift in Sources */ = {isa = PBXBuildFile; fileRef = 1F846BEC24493EC8009FAEDD /* CheckoutView.swift */; };
		1FAB694F2436B96800224476 /* EditPizzeriaView.swift in Sources */ = {isa = PBXBuildFile; fileRef = 1FAB694E2436B96800224476 /* EditPizzeriaView.swift */; };
		1FAB69512436E38700224476 /* FirebaseCollection.swift in Sources */ = {isa = PBXBuildFile; fileRef = 1FAC8EA5242D7B1500416DA7 /* FirebaseCollection.swift */; };
		1FAB69522436E38D00224476 /* Pizzeria.swift in Sources */ = {isa = PBXBuildFile; fileRef = 1F54CFF9241B006100FFE397 /* Pizzeria.swift */; };
		1FAC8EA6242D7B1500416DA7 /* FirebaseCollection.swift in Sources */ = {isa = PBXBuildFile; fileRef = 1FAC8EA5242D7B1500416DA7 /* FirebaseCollection.swift */; };
		1FAC8EA8242D89CF00416DA7 /* PizzeriaDetailView.swift in Sources */ = {isa = PBXBuildFile; fileRef = 1FAC8EA7242D89CF00416DA7 /* PizzeriaDetailView.swift */; };
		1FAC8EAA242D8E9700416DA7 /* AddPizzeriaView.swift in Sources */ = {isa = PBXBuildFile; fileRef = 1FAC8EA9242D8E9700416DA7 /* AddPizzeriaView.swift */; };
		1FBDD6952452780300DF838C /* Order.swift in Sources */ = {isa = PBXBuildFile; fileRef = 1FBDD6942452780300DF838C /* Order.swift */; };
		1FBDD69724527C8600DF838C /* OrdersView.swift in Sources */ = {isa = PBXBuildFile; fileRef = 1FBDD69624527C8600DF838C /* OrdersView.swift */; };
		1FBDD69924527D1A00DF838C /* OrderRow.swift in Sources */ = {isa = PBXBuildFile; fileRef = 1FBDD69824527D1A00DF838C /* OrderRow.swift */; };
		1FBDD69B24527DA400DF838C /* OrderDetailView.swift in Sources */ = {isa = PBXBuildFile; fileRef = 1FBDD69A24527DA400DF838C /* OrderDetailView.swift */; };
		2700F29323FF65340023DA41 /* GoogleService-Info.plist in Resources */ = {isa = PBXBuildFile; fileRef = 2700F29223FF65340023DA41 /* GoogleService-Info.plist */; };
		2700F29423FF65340023DA41 /* GoogleService-Info.plist in Resources */ = {isa = PBXBuildFile; fileRef = 2700F29223FF65340023DA41 /* GoogleService-Info.plist */; };
		2700F29523FF65340023DA41 /* GoogleService-Info.plist in Resources */ = {isa = PBXBuildFile; fileRef = 2700F29223FF65340023DA41 /* GoogleService-Info.plist */; };
		27B5773723F62587008F5586 /* AppDelegate.swift in Sources */ = {isa = PBXBuildFile; fileRef = 27B5773623F62587008F5586 /* AppDelegate.swift */; };
		27B5773923F62587008F5586 /* SceneDelegate.swift in Sources */ = {isa = PBXBuildFile; fileRef = 27B5773823F62587008F5586 /* SceneDelegate.swift */; };
		27B5773B23F62587008F5586 /* ContentView.swift in Sources */ = {isa = PBXBuildFile; fileRef = 27B5773A23F62587008F5586 /* ContentView.swift */; };
		27B5773D23F62589008F5586 /* Assets.xcassets in Resources */ = {isa = PBXBuildFile; fileRef = 27B5773C23F62589008F5586 /* Assets.xcassets */; };
		27B5774023F62589008F5586 /* Preview Assets.xcassets in Resources */ = {isa = PBXBuildFile; fileRef = 27B5773F23F62589008F5586 /* Preview Assets.xcassets */; };
		27B5774323F62589008F5586 /* LaunchScreen.storyboard in Resources */ = {isa = PBXBuildFile; fileRef = 27B5774123F62589008F5586 /* LaunchScreen.storyboard */; };
		27B5775923F6258A008F5586 /* PizzaHubUITests.swift in Sources */ = {isa = PBXBuildFile; fileRef = 27B5775823F6258A008F5586 /* PizzaHubUITests.swift */; };
		27B5776823F62AA3008F5586 /* MenuItem.swift in Sources */ = {isa = PBXBuildFile; fileRef = 27B5776723F62AA3008F5586 /* MenuItem.swift */; };
		27B5776923F62AA3008F5586 /* MenuItem.swift in Sources */ = {isa = PBXBuildFile; fileRef = 27B5776723F62AA3008F5586 /* MenuItem.swift */; };
		27B5776C23F63483008F5586 /* ShoppingCart.swift in Sources */ = {isa = PBXBuildFile; fileRef = 27B5776B23F63483008F5586 /* ShoppingCart.swift */; };
		27B5776D23F63483008F5586 /* ShoppingCart.swift in Sources */ = {isa = PBXBuildFile; fileRef = 27B5776B23F63483008F5586 /* ShoppingCart.swift */; };
		27B5777023F637FC008F5586 /* PizzaHubTests.swift in Sources */ = {isa = PBXBuildFile; fileRef = 27B5774D23F62589008F5586 /* PizzaHubTests.swift */; };
		519C1448DC8B95F2BA4998D6 /* Pods_PizzaHub.framework in Frameworks */ = {isa = PBXBuildFile; fileRef = B364DA8D1CD308491B6F89CF /* Pods_PizzaHub.framework */; };
		5F915AC43CBA65A2EFB5F606 /* Pods_PizzaHub_PizzaHubUITests.framework in Frameworks */ = {isa = PBXBuildFile; fileRef = 5FA2F841464771C160B8BB1C /* Pods_PizzaHub_PizzaHubUITests.framework */; };
		65F0EDB94A03C801A7C82343 /* Pods_PizzaHubTests.framework in Frameworks */ = {isa = PBXBuildFile; fileRef = 88634A465554AE4FC15C9A7B /* Pods_PizzaHubTests.framework */; };
/* End PBXBuildFile section */

/* Begin PBXContainerItemProxy section */
		27B5774A23F62589008F5586 /* PBXContainerItemProxy */ = {
			isa = PBXContainerItemProxy;
			containerPortal = 27B5772B23F62587008F5586 /* Project object */;
			proxyType = 1;
			remoteGlobalIDString = 27B5773223F62587008F5586;
			remoteInfo = PizzaHub;
		};
		27B5775523F6258A008F5586 /* PBXContainerItemProxy */ = {
			isa = PBXContainerItemProxy;
			containerPortal = 27B5772B23F62587008F5586 /* Project object */;
			proxyType = 1;
			remoteGlobalIDString = 27B5773223F62587008F5586;
			remoteInfo = PizzaHub;
		};
/* End PBXContainerItemProxy section */

/* Begin PBXFileReference section */
		1C5DC3479CC65280D5B7A1EC /* Pods-PizzaHub-PizzaHubUITests.release.xcconfig */ = {isa = PBXFileReference; includeInIndex = 1; lastKnownFileType = text.xcconfig; name = "Pods-PizzaHub-PizzaHubUITests.release.xcconfig"; path = "Target Support Files/Pods-PizzaHub-PizzaHubUITests/Pods-PizzaHub-PizzaHubUITests.release.xcconfig"; sourceTree = "<group>"; };
		1F44C77F243FEA770073D59F /* CircleImage.swift */ = {isa = PBXFileReference; lastKnownFileType = sourcecode.swift; path = CircleImage.swift; sourceTree = "<group>"; };
		1F44C781243FF1820073D59F /* PizzeriaRow.swift */ = {isa = PBXFileReference; lastKnownFileType = sourcecode.swift; path = PizzeriaRow.swift; sourceTree = "<group>"; };
		1F44C783243FFD390073D59F /* MenuItemRow.swift */ = {isa = PBXFileReference; lastKnownFileType = sourcecode.swift; path = MenuItemRow.swift; sourceTree = "<group>"; };
		1F54CFF4241AFAD000FFE397 /* DebugView.swift */ = {isa = PBXFileReference; lastKnownFileType = sourcecode.swift; path = DebugView.swift; sourceTree = "<group>"; };
		1F54CFF9241B006100FFE397 /* Pizzeria.swift */ = {isa = PBXFileReference; lastKnownFileType = sourcecode.swift; path = Pizzeria.swift; sourceTree = "<group>"; };
		1F846BE6244927A6009FAEDD /* MenuItemDetailView.swift */ = {isa = PBXFileReference; lastKnownFileType = sourcecode.swift; path = MenuItemDetailView.swift; sourceTree = "<group>"; };
		1F846BE8244933B0009FAEDD /* AppTabView.swift */ = {isa = PBXFileReference; lastKnownFileType = sourcecode.swift; path = AppTabView.swift; sourceTree = "<group>"; };
		1F846BEA244934D8009FAEDD /* CartView.swift */ = {isa = PBXFileReference; lastKnownFileType = sourcecode.swift; path = CartView.swift; sourceTree = "<group>"; };
		1F846BEC24493EC8009FAEDD /* CheckoutView.swift */ = {isa = PBXFileReference; lastKnownFileType = sourcecode.swift; path = CheckoutView.swift; sourceTree = "<group>"; };
		1FAB694E2436B96800224476 /* EditPizzeriaView.swift */ = {isa = PBXFileReference; lastKnownFileType = sourcecode.swift; path = EditPizzeriaView.swift; sourceTree = "<group>"; };
		1FAC8EA5242D7B1500416DA7 /* FirebaseCollection.swift */ = {isa = PBXFileReference; lastKnownFileType = sourcecode.swift; path = FirebaseCollection.swift; sourceTree = "<group>"; };
		1FAC8EA7242D89CF00416DA7 /* PizzeriaDetailView.swift */ = {isa = PBXFileReference; lastKnownFileType = sourcecode.swift; path = PizzeriaDetailView.swift; sourceTree = "<group>"; };
		1FAC8EA9242D8E9700416DA7 /* AddPizzeriaView.swift */ = {isa = PBXFileReference; lastKnownFileType = sourcecode.swift; path = AddPizzeriaView.swift; sourceTree = "<group>"; };
		1FBDD6942452780300DF838C /* Order.swift */ = {isa = PBXFileReference; lastKnownFileType = sourcecode.swift; path = Order.swift; sourceTree = "<group>"; };
		1FBDD69624527C8600DF838C /* OrdersView.swift */ = {isa = PBXFileReference; lastKnownFileType = sourcecode.swift; path = OrdersView.swift; sourceTree = "<group>"; };
		1FBDD69824527D1A00DF838C /* OrderRow.swift */ = {isa = PBXFileReference; lastKnownFileType = sourcecode.swift; path = OrderRow.swift; sourceTree = "<group>"; };
		1FBDD69A24527DA400DF838C /* OrderDetailView.swift */ = {isa = PBXFileReference; lastKnownFileType = sourcecode.swift; path = OrderDetailView.swift; sourceTree = "<group>"; };
		2700F29223FF65340023DA41 /* GoogleService-Info.plist */ = {isa = PBXFileReference; fileEncoding = 4; lastKnownFileType = text.plist.xml; path = "GoogleService-Info.plist"; sourceTree = "<group>"; };
		27B5773323F62587008F5586 /* PizzaHub.app */ = {isa = PBXFileReference; explicitFileType = wrapper.application; includeInIndex = 0; path = PizzaHub.app; sourceTree = BUILT_PRODUCTS_DIR; };
		27B5773623F62587008F5586 /* AppDelegate.swift */ = {isa = PBXFileReference; lastKnownFileType = sourcecode.swift; path = AppDelegate.swift; sourceTree = "<group>"; };
		27B5773823F62587008F5586 /* SceneDelegate.swift */ = {isa = PBXFileReference; lastKnownFileType = sourcecode.swift; path = SceneDelegate.swift; sourceTree = "<group>"; };
		27B5773A23F62587008F5586 /* ContentView.swift */ = {isa = PBXFileReference; lastKnownFileType = sourcecode.swift; path = ContentView.swift; sourceTree = "<group>"; };
		27B5773C23F62589008F5586 /* Assets.xcassets */ = {isa = PBXFileReference; lastKnownFileType = folder.assetcatalog; path = Assets.xcassets; sourceTree = "<group>"; };
		27B5773F23F62589008F5586 /* Preview Assets.xcassets */ = {isa = PBXFileReference; lastKnownFileType = folder.assetcatalog; path = "Preview Assets.xcassets"; sourceTree = "<group>"; };
		27B5774223F62589008F5586 /* Base */ = {isa = PBXFileReference; lastKnownFileType = file.storyboard; name = Base; path = Base.lproj/LaunchScreen.storyboard; sourceTree = "<group>"; };
		27B5774423F62589008F5586 /* Info.plist */ = {isa = PBXFileReference; lastKnownFileType = text.plist.xml; path = Info.plist; sourceTree = "<group>"; };
		27B5774923F62589008F5586 /* PizzaHubTests.xctest */ = {isa = PBXFileReference; explicitFileType = wrapper.cfbundle; includeInIndex = 0; path = PizzaHubTests.xctest; sourceTree = BUILT_PRODUCTS_DIR; };
		27B5774D23F62589008F5586 /* PizzaHubTests.swift */ = {isa = PBXFileReference; lastKnownFileType = sourcecode.swift; path = PizzaHubTests.swift; sourceTree = "<group>"; };
		27B5774F23F62589008F5586 /* Info.plist */ = {isa = PBXFileReference; lastKnownFileType = text.plist.xml; path = Info.plist; sourceTree = "<group>"; };
		27B5775423F6258A008F5586 /* PizzaHubUITests.xctest */ = {isa = PBXFileReference; explicitFileType = wrapper.cfbundle; includeInIndex = 0; path = PizzaHubUITests.xctest; sourceTree = BUILT_PRODUCTS_DIR; };
		27B5775823F6258A008F5586 /* PizzaHubUITests.swift */ = {isa = PBXFileReference; lastKnownFileType = sourcecode.swift; path = PizzaHubUITests.swift; sourceTree = "<group>"; };
		27B5775A23F6258A008F5586 /* Info.plist */ = {isa = PBXFileReference; lastKnownFileType = text.plist.xml; path = Info.plist; sourceTree = "<group>"; };
		27B5776723F62AA3008F5586 /* MenuItem.swift */ = {isa = PBXFileReference; lastKnownFileType = sourcecode.swift; path = MenuItem.swift; sourceTree = "<group>"; };
		27B5776B23F63483008F5586 /* ShoppingCart.swift */ = {isa = PBXFileReference; lastKnownFileType = sourcecode.swift; path = ShoppingCart.swift; sourceTree = "<group>"; };
		5FA2F841464771C160B8BB1C /* Pods_PizzaHub_PizzaHubUITests.framework */ = {isa = PBXFileReference; explicitFileType = wrapper.framework; includeInIndex = 0; path = Pods_PizzaHub_PizzaHubUITests.framework; sourceTree = BUILT_PRODUCTS_DIR; };
		77C8720EB54465F4D23D1067 /* Pods-PizzaHub.release.xcconfig */ = {isa = PBXFileReference; includeInIndex = 1; lastKnownFileType = text.xcconfig; name = "Pods-PizzaHub.release.xcconfig"; path = "Target Support Files/Pods-PizzaHub/Pods-PizzaHub.release.xcconfig"; sourceTree = "<group>"; };
		88634A465554AE4FC15C9A7B /* Pods_PizzaHubTests.framework */ = {isa = PBXFileReference; explicitFileType = wrapper.framework; includeInIndex = 0; path = Pods_PizzaHubTests.framework; sourceTree = BUILT_PRODUCTS_DIR; };
		973F0F0D6E380CDEF4539E91 /* Pods-PizzaHub.debug.xcconfig */ = {isa = PBXFileReference; includeInIndex = 1; lastKnownFileType = text.xcconfig; name = "Pods-PizzaHub.debug.xcconfig"; path = "Target Support Files/Pods-PizzaHub/Pods-PizzaHub.debug.xcconfig"; sourceTree = "<group>"; };
		AC316302FCB419550C6D3DF5 /* Pods-PizzaHub-PizzaHubUITests.debug.xcconfig */ = {isa = PBXFileReference; includeInIndex = 1; lastKnownFileType = text.xcconfig; name = "Pods-PizzaHub-PizzaHubUITests.debug.xcconfig"; path = "Target Support Files/Pods-PizzaHub-PizzaHubUITests/Pods-PizzaHub-PizzaHubUITests.debug.xcconfig"; sourceTree = "<group>"; };
		B364DA8D1CD308491B6F89CF /* Pods_PizzaHub.framework */ = {isa = PBXFileReference; explicitFileType = wrapper.framework; includeInIndex = 0; path = Pods_PizzaHub.framework; sourceTree = BUILT_PRODUCTS_DIR; };
		F4C939B8747A7C38D623375A /* Pods-PizzaHubTests.release.xcconfig */ = {isa = PBXFileReference; includeInIndex = 1; lastKnownFileType = text.xcconfig; name = "Pods-PizzaHubTests.release.xcconfig"; path = "Target Support Files/Pods-PizzaHubTests/Pods-PizzaHubTests.release.xcconfig"; sourceTree = "<group>"; };
		F96156B56168694F709BDA27 /* Pods-PizzaHubTests.debug.xcconfig */ = {isa = PBXFileReference; includeInIndex = 1; lastKnownFileType = text.xcconfig; name = "Pods-PizzaHubTests.debug.xcconfig"; path = "Target Support Files/Pods-PizzaHubTests/Pods-PizzaHubTests.debug.xcconfig"; sourceTree = "<group>"; };
/* End PBXFileReference section */

/* Begin PBXFrameworksBuildPhase section */
		27B5773023F62587008F5586 /* Frameworks */ = {
			isa = PBXFrameworksBuildPhase;
			buildActionMask = 2147483647;
			files = (
				519C1448DC8B95F2BA4998D6 /* Pods_PizzaHub.framework in Frameworks */,
			);
			runOnlyForDeploymentPostprocessing = 0;
		};
		27B5774623F62589008F5586 /* Frameworks */ = {
			isa = PBXFrameworksBuildPhase;
			buildActionMask = 2147483647;
			files = (
				65F0EDB94A03C801A7C82343 /* Pods_PizzaHubTests.framework in Frameworks */,
			);
			runOnlyForDeploymentPostprocessing = 0;
		};
		27B5775123F6258A008F5586 /* Frameworks */ = {
			isa = PBXFrameworksBuildPhase;
			buildActionMask = 2147483647;
			files = (
				5F915AC43CBA65A2EFB5F606 /* Pods_PizzaHub_PizzaHubUITests.framework in Frameworks */,
			);
			runOnlyForDeploymentPostprocessing = 0;
		};
/* End PBXFrameworksBuildPhase section */

/* Begin PBXGroup section */
		1F54CFF3241AFAA400FFE397 /* View */ = {
			isa = PBXGroup;
			children = (
				27B5773A23F62587008F5586 /* ContentView.swift */,
				1F54CFF4241AFAD000FFE397 /* DebugView.swift */,
				1FAC8EA7242D89CF00416DA7 /* PizzeriaDetailView.swift */,
				1FAC8EA9242D8E9700416DA7 /* AddPizzeriaView.swift */,
				1FAB694E2436B96800224476 /* EditPizzeriaView.swift */,
				1F44C77F243FEA770073D59F /* CircleImage.swift */,
				1F44C781243FF1820073D59F /* PizzeriaRow.swift */,
				1F44C783243FFD390073D59F /* MenuItemRow.swift */,
				1F846BE6244927A6009FAEDD /* MenuItemDetailView.swift */,
				1F846BE8244933B0009FAEDD /* AppTabView.swift */,
				1F846BEA244934D8009FAEDD /* CartView.swift */,
				1F846BEC24493EC8009FAEDD /* CheckoutView.swift */,
				1FBDD69624527C8600DF838C /* OrdersView.swift */,
				1FBDD69824527D1A00DF838C /* OrderRow.swift */,
				1FBDD69A24527DA400DF838C /* OrderDetailView.swift */,
			);
			path = View;
			sourceTree = "<group>";
		};
		27B5772A23F62587008F5586 = {
			isa = PBXGroup;
			children = (
				27B5773523F62587008F5586 /* PizzaHub */,
				27B5774C23F62589008F5586 /* PizzaHubTests */,
				27B5775723F6258A008F5586 /* PizzaHubUITests */,
				27B5773423F62587008F5586 /* Products */,
				F0C22EA809A8D2F03929FA3F /* Pods */,
				7F73825B942D93CB13F6A475 /* Frameworks */,
			);
			sourceTree = "<group>";
		};
		27B5773423F62587008F5586 /* Products */ = {
			isa = PBXGroup;
			children = (
				27B5773323F62587008F5586 /* PizzaHub.app */,
				27B5774923F62589008F5586 /* PizzaHubTests.xctest */,
				27B5775423F6258A008F5586 /* PizzaHubUITests.xctest */,
			);
			name = Products;
			sourceTree = "<group>";
		};
		27B5773523F62587008F5586 /* PizzaHub */ = {
			isa = PBXGroup;
			children = (
				27B5776623F62A21008F5586 /* Model */,
				1F54CFF3241AFAA400FFE397 /* View */,
				27B5773623F62587008F5586 /* AppDelegate.swift */,
				27B5773823F62587008F5586 /* SceneDelegate.swift */,
				27B5773C23F62589008F5586 /* Assets.xcassets */,
				27B5774123F62589008F5586 /* LaunchScreen.storyboard */,
				27B5774423F62589008F5586 /* Info.plist */,
				2700F29223FF65340023DA41 /* GoogleService-Info.plist */,
				27B5773E23F62589008F5586 /* Preview Content */,
			);
			path = PizzaHub;
			sourceTree = "<group>";
		};
		27B5773E23F62589008F5586 /* Preview Content */ = {
			isa = PBXGroup;
			children = (
				27B5773F23F62589008F5586 /* Preview Assets.xcassets */,
			);
			path = "Preview Content";
			sourceTree = "<group>";
		};
		27B5774C23F62589008F5586 /* PizzaHubTests */ = {
			isa = PBXGroup;
			children = (
				27B5774D23F62589008F5586 /* PizzaHubTests.swift */,
				27B5774F23F62589008F5586 /* Info.plist */,
			);
			path = PizzaHubTests;
			sourceTree = "<group>";
		};
		27B5775723F6258A008F5586 /* PizzaHubUITests */ = {
			isa = PBXGroup;
			children = (
				27B5775823F6258A008F5586 /* PizzaHubUITests.swift */,
				27B5775A23F6258A008F5586 /* Info.plist */,
			);
			path = PizzaHubUITests;
			sourceTree = "<group>";
		};
		27B5776623F62A21008F5586 /* Model */ = {
			isa = PBXGroup;
			children = (
				1FAC8EA5242D7B1500416DA7 /* FirebaseCollection.swift */,
				27B5776B23F63483008F5586 /* ShoppingCart.swift */,
				27B5776723F62AA3008F5586 /* MenuItem.swift */,
				1F54CFF9241B006100FFE397 /* Pizzeria.swift */,
				1FBDD6942452780300DF838C /* Order.swift */,
			);
			path = Model;
			sourceTree = "<group>";
		};
		7F73825B942D93CB13F6A475 /* Frameworks */ = {
			isa = PBXGroup;
			children = (
				B364DA8D1CD308491B6F89CF /* Pods_PizzaHub.framework */,
				5FA2F841464771C160B8BB1C /* Pods_PizzaHub_PizzaHubUITests.framework */,
				88634A465554AE4FC15C9A7B /* Pods_PizzaHubTests.framework */,
			);
			name = Frameworks;
			sourceTree = "<group>";
		};
		F0C22EA809A8D2F03929FA3F /* Pods */ = {
			isa = PBXGroup;
			children = (
				973F0F0D6E380CDEF4539E91 /* Pods-PizzaHub.debug.xcconfig */,
				77C8720EB54465F4D23D1067 /* Pods-PizzaHub.release.xcconfig */,
				AC316302FCB419550C6D3DF5 /* Pods-PizzaHub-PizzaHubUITests.debug.xcconfig */,
				1C5DC3479CC65280D5B7A1EC /* Pods-PizzaHub-PizzaHubUITests.release.xcconfig */,
				F96156B56168694F709BDA27 /* Pods-PizzaHubTests.debug.xcconfig */,
				F4C939B8747A7C38D623375A /* Pods-PizzaHubTests.release.xcconfig */,
			);
			path = Pods;
			sourceTree = "<group>";
		};
/* End PBXGroup section */

/* Begin PBXNativeTarget section */
		27B5773223F62587008F5586 /* PizzaHub */ = {
			isa = PBXNativeTarget;
			buildConfigurationList = 27B5775D23F6258A008F5586 /* Build configuration list for PBXNativeTarget "PizzaHub" */;
			buildPhases = (
				2458F6736A1098A5F53BA7E4 /* [CP] Check Pods Manifest.lock */,
				27B5772F23F62587008F5586 /* Sources */,
				27B5773023F62587008F5586 /* Frameworks */,
				27B5773123F62587008F5586 /* Resources */,
				7D52663E54906FD1DAD07693 /* [CP] Embed Pods Frameworks */,
			);
			buildRules = (
			);
			dependencies = (
			);
			name = PizzaHub;
			productName = PizzaHub;
			productReference = 27B5773323F62587008F5586 /* PizzaHub.app */;
			productType = "com.apple.product-type.application";
		};
		27B5774823F62589008F5586 /* PizzaHubTests */ = {
			isa = PBXNativeTarget;
			buildConfigurationList = 27B5776023F6258A008F5586 /* Build configuration list for PBXNativeTarget "PizzaHubTests" */;
			buildPhases = (
				C38EB230C7079DFC609BE2DF /* [CP] Check Pods Manifest.lock */,
				27B5774523F62589008F5586 /* Sources */,
				27B5774623F62589008F5586 /* Frameworks */,
				27B5774723F62589008F5586 /* Resources */,
			);
			buildRules = (
			);
			dependencies = (
				27B5774B23F62589008F5586 /* PBXTargetDependency */,
			);
			name = PizzaHubTests;
			productName = PizzaHubTests;
			productReference = 27B5774923F62589008F5586 /* PizzaHubTests.xctest */;
			productType = "com.apple.product-type.bundle.unit-test";
		};
		27B5775323F6258A008F5586 /* PizzaHubUITests */ = {
			isa = PBXNativeTarget;
			buildConfigurationList = 27B5776323F6258A008F5586 /* Build configuration list for PBXNativeTarget "PizzaHubUITests" */;
			buildPhases = (
				B022ACDA2A53CF0754989A85 /* [CP] Check Pods Manifest.lock */,
				27B5775023F6258A008F5586 /* Sources */,
				27B5775123F6258A008F5586 /* Frameworks */,
				27B5775223F6258A008F5586 /* Resources */,
				5DE053CDB9CE1375D8FF938F /* [CP] Embed Pods Frameworks */,
			);
			buildRules = (
			);
			dependencies = (
				27B5775623F6258A008F5586 /* PBXTargetDependency */,
			);
			name = PizzaHubUITests;
			productName = PizzaHubUITests;
			productReference = 27B5775423F6258A008F5586 /* PizzaHubUITests.xctest */;
			productType = "com.apple.product-type.bundle.ui-testing";
		};
/* End PBXNativeTarget section */

/* Begin PBXProject section */
		27B5772B23F62587008F5586 /* Project object */ = {
			isa = PBXProject;
			attributes = {
				LastSwiftUpdateCheck = 1120;
				LastUpgradeCheck = 1120;
				ORGANIZATIONNAME = "Hefele, Charles";
				TargetAttributes = {
					27B5773223F62587008F5586 = {
						CreatedOnToolsVersion = 11.2;
					};
					27B5774823F62589008F5586 = {
						CreatedOnToolsVersion = 11.2;
						TestTargetID = 27B5773223F62587008F5586;
					};
					27B5775323F6258A008F5586 = {
						CreatedOnToolsVersion = 11.2;
						TestTargetID = 27B5773223F62587008F5586;
					};
				};
			};
			buildConfigurationList = 27B5772E23F62587008F5586 /* Build configuration list for PBXProject "PizzaHub" */;
			compatibilityVersion = "Xcode 9.3";
			developmentRegion = en;
			hasScannedForEncodings = 0;
			knownRegions = (
				en,
				Base,
			);
			mainGroup = 27B5772A23F62587008F5586;
			productRefGroup = 27B5773423F62587008F5586 /* Products */;
			projectDirPath = "";
			projectRoot = "";
			targets = (
				27B5773223F62587008F5586 /* PizzaHub */,
				27B5774823F62589008F5586 /* PizzaHubTests */,
				27B5775323F6258A008F5586 /* PizzaHubUITests */,
			);
		};
/* End PBXProject section */

/* Begin PBXResourcesBuildPhase section */
		27B5773123F62587008F5586 /* Resources */ = {
			isa = PBXResourcesBuildPhase;
			buildActionMask = 2147483647;
			files = (
				27B5774323F62589008F5586 /* LaunchScreen.storyboard in Resources */,
				2700F29323FF65340023DA41 /* GoogleService-Info.plist in Resources */,
				27B5774023F62589008F5586 /* Preview Assets.xcassets in Resources */,
				27B5773D23F62589008F5586 /* Assets.xcassets in Resources */,
			);
			runOnlyForDeploymentPostprocessing = 0;
		};
		27B5774723F62589008F5586 /* Resources */ = {
			isa = PBXResourcesBuildPhase;
			buildActionMask = 2147483647;
			files = (
				2700F29423FF65340023DA41 /* GoogleService-Info.plist in Resources */,
			);
			runOnlyForDeploymentPostprocessing = 0;
		};
		27B5775223F6258A008F5586 /* Resources */ = {
			isa = PBXResourcesBuildPhase;
			buildActionMask = 2147483647;
			files = (
				2700F29523FF65340023DA41 /* GoogleService-Info.plist in Resources */,
			);
			runOnlyForDeploymentPostprocessing = 0;
		};
/* End PBXResourcesBuildPhase section */

/* Begin PBXShellScriptBuildPhase section */
		2458F6736A1098A5F53BA7E4 /* [CP] Check Pods Manifest.lock */ = {
			isa = PBXShellScriptBuildPhase;
			buildActionMask = 2147483647;
			files = (
			);
			inputFileListPaths = (
			);
			inputPaths = (
				"${PODS_PODFILE_DIR_PATH}/Podfile.lock",
				"${PODS_ROOT}/Manifest.lock",
			);
			name = "[CP] Check Pods Manifest.lock";
			outputFileListPaths = (
			);
			outputPaths = (
				"$(DERIVED_FILE_DIR)/Pods-PizzaHub-checkManifestLockResult.txt",
			);
			runOnlyForDeploymentPostprocessing = 0;
			shellPath = /bin/sh;
			shellScript = "diff \"${PODS_PODFILE_DIR_PATH}/Podfile.lock\" \"${PODS_ROOT}/Manifest.lock\" > /dev/null\nif [ $? != 0 ] ; then\n    # print error to STDERR\n    echo \"error: The sandbox is not in sync with the Podfile.lock. Run 'pod install' or update your CocoaPods installation.\" >&2\n    exit 1\nfi\n# This output is used by Xcode 'outputs' to avoid re-running this script phase.\necho \"SUCCESS\" > \"${SCRIPT_OUTPUT_FILE_0}\"\n";
			showEnvVarsInLog = 0;
		};
		5DE053CDB9CE1375D8FF938F /* [CP] Embed Pods Frameworks */ = {
			isa = PBXShellScriptBuildPhase;
			buildActionMask = 2147483647;
			files = (
			);
			inputFileListPaths = (
				"${PODS_ROOT}/Target Support Files/Pods-PizzaHub-PizzaHubUITests/Pods-PizzaHub-PizzaHubUITests-frameworks-${CONFIGURATION}-input-files.xcfilelist",
			);
			name = "[CP] Embed Pods Frameworks";
			outputFileListPaths = (
				"${PODS_ROOT}/Target Support Files/Pods-PizzaHub-PizzaHubUITests/Pods-PizzaHub-PizzaHubUITests-frameworks-${CONFIGURATION}-output-files.xcfilelist",
			);
			runOnlyForDeploymentPostprocessing = 0;
			shellPath = /bin/sh;
			shellScript = "\"${PODS_ROOT}/Target Support Files/Pods-PizzaHub-PizzaHubUITests/Pods-PizzaHub-PizzaHubUITests-frameworks.sh\"\n";
			showEnvVarsInLog = 0;
		};
		7D52663E54906FD1DAD07693 /* [CP] Embed Pods Frameworks */ = {
			isa = PBXShellScriptBuildPhase;
			buildActionMask = 2147483647;
			files = (
			);
			inputFileListPaths = (
				"${PODS_ROOT}/Target Support Files/Pods-PizzaHub/Pods-PizzaHub-frameworks-${CONFIGURATION}-input-files.xcfilelist",
			);
			name = "[CP] Embed Pods Frameworks";
			outputFileListPaths = (
				"${PODS_ROOT}/Target Support Files/Pods-PizzaHub/Pods-PizzaHub-frameworks-${CONFIGURATION}-output-files.xcfilelist",
			);
			runOnlyForDeploymentPostprocessing = 0;
			shellPath = /bin/sh;
			shellScript = "\"${PODS_ROOT}/Target Support Files/Pods-PizzaHub/Pods-PizzaHub-frameworks.sh\"\n";
			showEnvVarsInLog = 0;
		};
		B022ACDA2A53CF0754989A85 /* [CP] Check Pods Manifest.lock */ = {
			isa = PBXShellScriptBuildPhase;
			buildActionMask = 2147483647;
			files = (
			);
			inputFileListPaths = (
			);
			inputPaths = (
				"${PODS_PODFILE_DIR_PATH}/Podfile.lock",
				"${PODS_ROOT}/Manifest.lock",
			);
			name = "[CP] Check Pods Manifest.lock";
			outputFileListPaths = (
			);
			outputPaths = (
				"$(DERIVED_FILE_DIR)/Pods-PizzaHub-PizzaHubUITests-checkManifestLockResult.txt",
			);
			runOnlyForDeploymentPostprocessing = 0;
			shellPath = /bin/sh;
			shellScript = "diff \"${PODS_PODFILE_DIR_PATH}/Podfile.lock\" \"${PODS_ROOT}/Manifest.lock\" > /dev/null\nif [ $? != 0 ] ; then\n    # print error to STDERR\n    echo \"error: The sandbox is not in sync with the Podfile.lock. Run 'pod install' or update your CocoaPods installation.\" >&2\n    exit 1\nfi\n# This output is used by Xcode 'outputs' to avoid re-running this script phase.\necho \"SUCCESS\" > \"${SCRIPT_OUTPUT_FILE_0}\"\n";
			showEnvVarsInLog = 0;
		};
		C38EB230C7079DFC609BE2DF /* [CP] Check Pods Manifest.lock */ = {
			isa = PBXShellScriptBuildPhase;
			buildActionMask = 2147483647;
			files = (
			);
			inputFileListPaths = (
			);
			inputPaths = (
				"${PODS_PODFILE_DIR_PATH}/Podfile.lock",
				"${PODS_ROOT}/Manifest.lock",
			);
			name = "[CP] Check Pods Manifest.lock";
			outputFileListPaths = (
			);
			outputPaths = (
				"$(DERIVED_FILE_DIR)/Pods-PizzaHubTests-checkManifestLockResult.txt",
			);
			runOnlyForDeploymentPostprocessing = 0;
			shellPath = /bin/sh;
			shellScript = "diff \"${PODS_PODFILE_DIR_PATH}/Podfile.lock\" \"${PODS_ROOT}/Manifest.lock\" > /dev/null\nif [ $? != 0 ] ; then\n    # print error to STDERR\n    echo \"error: The sandbox is not in sync with the Podfile.lock. Run 'pod install' or update your CocoaPods installation.\" >&2\n    exit 1\nfi\n# This output is used by Xcode 'outputs' to avoid re-running this script phase.\necho \"SUCCESS\" > \"${SCRIPT_OUTPUT_FILE_0}\"\n";
			showEnvVarsInLog = 0;
		};
/* End PBXShellScriptBuildPhase section */

/* Begin PBXSourcesBuildPhase section */
		27B5772F23F62587008F5586 /* Sources */ = {
			isa = PBXSourcesBuildPhase;
			buildActionMask = 2147483647;
			files = (
				27B5776C23F63483008F5586 /* ShoppingCart.swift in Sources */,
				1FAC8EA6242D7B1500416DA7 /* FirebaseCollection.swift in Sources */,
				1F846BE7244927A6009FAEDD /* MenuItemDetailView.swift in Sources */,
				1FBDD6952452780300DF838C /* Order.swift in Sources */,
				1F846BEB244934D8009FAEDD /* CartView.swift in Sources */,
				1FBDD69724527C8600DF838C /* OrdersView.swift in Sources */,
				1F54CFF5241AFAD000FFE397 /* DebugView.swift in Sources */,
				27B5773723F62587008F5586 /* AppDelegate.swift in Sources */,
				1FBDD69B24527DA400DF838C /* OrderDetailView.swift in Sources */,
				1FAB694F2436B96800224476 /* EditPizzeriaView.swift in Sources */,
				1FBDD69924527D1A00DF838C /* OrderRow.swift in Sources */,
				1F44C780243FEA770073D59F /* CircleImage.swift in Sources */,
				1F846BED24493EC8009FAEDD /* CheckoutView.swift in Sources */,
				1FAC8EAA242D8E9700416DA7 /* AddPizzeriaView.swift in Sources */,
				1F44C782243FF1820073D59F /* PizzeriaRow.swift in Sources */,
				27B5776823F62AA3008F5586 /* MenuItem.swift in Sources */,
				27B5773923F62587008F5586 /* SceneDelegate.swift in Sources */,
				1F44C784243FFD390073D59F /* MenuItemRow.swift in Sources */,
				27B5773B23F62587008F5586 /* ContentView.swift in Sources */,
				1F54CFFA241B006100FFE397 /* Pizzeria.swift in Sources */,
				1F846BE9244933B0009FAEDD /* AppTabView.swift in Sources */,
				1FAC8EA8242D89CF00416DA7 /* PizzeriaDetailView.swift in Sources */,
			);
			runOnlyForDeploymentPostprocessing = 0;
		};
		27B5774523F62589008F5586 /* Sources */ = {
			isa = PBXSourcesBuildPhase;
			buildActionMask = 2147483647;
			files = (
				1FAB69512436E38700224476 /* FirebaseCollection.swift in Sources */,
				27B5776D23F63483008F5586 /* ShoppingCart.swift in Sources */,
				27B5776923F62AA3008F5586 /* MenuItem.swift in Sources */,
				27B5777023F637FC008F5586 /* PizzaHubTests.swift in Sources */,
				1FAB69522436E38D00224476 /* Pizzeria.swift in Sources */,
			);
			runOnlyForDeploymentPostprocessing = 0;
		};
		27B5775023F6258A008F5586 /* Sources */ = {
			isa = PBXSourcesBuildPhase;
			buildActionMask = 2147483647;
			files = (
				27B5775923F6258A008F5586 /* PizzaHubUITests.swift in Sources */,
			);
			runOnlyForDeploymentPostprocessing = 0;
		};
/* End PBXSourcesBuildPhase section */

/* Begin PBXTargetDependency section */
		27B5774B23F62589008F5586 /* PBXTargetDependency */ = {
			isa = PBXTargetDependency;
			target = 27B5773223F62587008F5586 /* PizzaHub */;
			targetProxy = 27B5774A23F62589008F5586 /* PBXContainerItemProxy */;
		};
		27B5775623F6258A008F5586 /* PBXTargetDependency */ = {
			isa = PBXTargetDependency;
			target = 27B5773223F62587008F5586 /* PizzaHub */;
			targetProxy = 27B5775523F6258A008F5586 /* PBXContainerItemProxy */;
		};
/* End PBXTargetDependency section */

/* Begin PBXVariantGroup section */
		27B5774123F62589008F5586 /* LaunchScreen.storyboard */ = {
			isa = PBXVariantGroup;
			children = (
				27B5774223F62589008F5586 /* Base */,
			);
			name = LaunchScreen.storyboard;
			sourceTree = "<group>";
		};
/* End PBXVariantGroup section */

/* Begin XCBuildConfiguration section */
		27B5775B23F6258A008F5586 /* Debug */ = {
			isa = XCBuildConfiguration;
			buildSettings = {
				ALWAYS_SEARCH_USER_PATHS = NO;
				CLANG_ANALYZER_NONNULL = YES;
				CLANG_ANALYZER_NUMBER_OBJECT_CONVERSION = YES_AGGRESSIVE;
				CLANG_CXX_LANGUAGE_STANDARD = "gnu++14";
				CLANG_CXX_LIBRARY = "libc++";
				CLANG_ENABLE_MODULES = YES;
				CLANG_ENABLE_OBJC_ARC = YES;
				CLANG_ENABLE_OBJC_WEAK = YES;
				CLANG_WARN_BLOCK_CAPTURE_AUTORELEASING = YES;
				CLANG_WARN_BOOL_CONVERSION = YES;
				CLANG_WARN_COMMA = YES;
				CLANG_WARN_CONSTANT_CONVERSION = YES;
				CLANG_WARN_DEPRECATED_OBJC_IMPLEMENTATIONS = YES;
				CLANG_WARN_DIRECT_OBJC_ISA_USAGE = YES_ERROR;
				CLANG_WARN_DOCUMENTATION_COMMENTS = YES;
				CLANG_WARN_EMPTY_BODY = YES;
				CLANG_WARN_ENUM_CONVERSION = YES;
				CLANG_WARN_INFINITE_RECURSION = YES;
				CLANG_WARN_INT_CONVERSION = YES;
				CLANG_WARN_NON_LITERAL_NULL_CONVERSION = YES;
				CLANG_WARN_OBJC_IMPLICIT_RETAIN_SELF = YES;
				CLANG_WARN_OBJC_LITERAL_CONVERSION = YES;
				CLANG_WARN_OBJC_ROOT_CLASS = YES_ERROR;
				CLANG_WARN_RANGE_LOOP_ANALYSIS = YES;
				CLANG_WARN_STRICT_PROTOTYPES = YES;
				CLANG_WARN_SUSPICIOUS_MOVE = YES;
				CLANG_WARN_UNGUARDED_AVAILABILITY = YES_AGGRESSIVE;
				CLANG_WARN_UNREACHABLE_CODE = YES;
				CLANG_WARN__DUPLICATE_METHOD_MATCH = YES;
				COPY_PHASE_STRIP = NO;
				DEBUG_INFORMATION_FORMAT = dwarf;
				ENABLE_STRICT_OBJC_MSGSEND = YES;
				ENABLE_TESTABILITY = YES;
				GCC_C_LANGUAGE_STANDARD = gnu11;
				GCC_DYNAMIC_NO_PIC = NO;
				GCC_NO_COMMON_BLOCKS = YES;
				GCC_OPTIMIZATION_LEVEL = 0;
				GCC_PREPROCESSOR_DEFINITIONS = (
					"DEBUG=1",
					"$(inherited)",
				);
				GCC_WARN_64_TO_32_BIT_CONVERSION = YES;
				GCC_WARN_ABOUT_RETURN_TYPE = YES_ERROR;
				GCC_WARN_UNDECLARED_SELECTOR = YES;
				GCC_WARN_UNINITIALIZED_AUTOS = YES_AGGRESSIVE;
				GCC_WARN_UNUSED_FUNCTION = YES;
				GCC_WARN_UNUSED_VARIABLE = YES;
				IPHONEOS_DEPLOYMENT_TARGET = 13.2;
				MTL_ENABLE_DEBUG_INFO = INCLUDE_SOURCE;
				MTL_FAST_MATH = YES;
				ONLY_ACTIVE_ARCH = YES;
				SDKROOT = iphoneos;
				SWIFT_ACTIVE_COMPILATION_CONDITIONS = DEBUG;
				SWIFT_OPTIMIZATION_LEVEL = "-Onone";
			};
			name = Debug;
		};
		27B5775C23F6258A008F5586 /* Release */ = {
			isa = XCBuildConfiguration;
			buildSettings = {
				ALWAYS_SEARCH_USER_PATHS = NO;
				CLANG_ANALYZER_NONNULL = YES;
				CLANG_ANALYZER_NUMBER_OBJECT_CONVERSION = YES_AGGRESSIVE;
				CLANG_CXX_LANGUAGE_STANDARD = "gnu++14";
				CLANG_CXX_LIBRARY = "libc++";
				CLANG_ENABLE_MODULES = YES;
				CLANG_ENABLE_OBJC_ARC = YES;
				CLANG_ENABLE_OBJC_WEAK = YES;
				CLANG_WARN_BLOCK_CAPTURE_AUTORELEASING = YES;
				CLANG_WARN_BOOL_CONVERSION = YES;
				CLANG_WARN_COMMA = YES;
				CLANG_WARN_CONSTANT_CONVERSION = YES;
				CLANG_WARN_DEPRECATED_OBJC_IMPLEMENTATIONS = YES;
				CLANG_WARN_DIRECT_OBJC_ISA_USAGE = YES_ERROR;
				CLANG_WARN_DOCUMENTATION_COMMENTS = YES;
				CLANG_WARN_EMPTY_BODY = YES;
				CLANG_WARN_ENUM_CONVERSION = YES;
				CLANG_WARN_INFINITE_RECURSION = YES;
				CLANG_WARN_INT_CONVERSION = YES;
				CLANG_WARN_NON_LITERAL_NULL_CONVERSION = YES;
				CLANG_WARN_OBJC_IMPLICIT_RETAIN_SELF = YES;
				CLANG_WARN_OBJC_LITERAL_CONVERSION = YES;
				CLANG_WARN_OBJC_ROOT_CLASS = YES_ERROR;
				CLANG_WARN_RANGE_LOOP_ANALYSIS = YES;
				CLANG_WARN_STRICT_PROTOTYPES = YES;
				CLANG_WARN_SUSPICIOUS_MOVE = YES;
				CLANG_WARN_UNGUARDED_AVAILABILITY = YES_AGGRESSIVE;
				CLANG_WARN_UNREACHABLE_CODE = YES;
				CLANG_WARN__DUPLICATE_METHOD_MATCH = YES;
				COPY_PHASE_STRIP = NO;
				DEBUG_INFORMATION_FORMAT = "dwarf-with-dsym";
				ENABLE_NS_ASSERTIONS = NO;
				ENABLE_STRICT_OBJC_MSGSEND = YES;
				GCC_C_LANGUAGE_STANDARD = gnu11;
				GCC_NO_COMMON_BLOCKS = YES;
				GCC_WARN_64_TO_32_BIT_CONVERSION = YES;
				GCC_WARN_ABOUT_RETURN_TYPE = YES_ERROR;
				GCC_WARN_UNDECLARED_SELECTOR = YES;
				GCC_WARN_UNINITIALIZED_AUTOS = YES_AGGRESSIVE;
				GCC_WARN_UNUSED_FUNCTION = YES;
				GCC_WARN_UNUSED_VARIABLE = YES;
				IPHONEOS_DEPLOYMENT_TARGET = 13.2;
				MTL_ENABLE_DEBUG_INFO = NO;
				MTL_FAST_MATH = YES;
				SDKROOT = iphoneos;
				SWIFT_COMPILATION_MODE = wholemodule;
				SWIFT_OPTIMIZATION_LEVEL = "-O";
				VALIDATE_PRODUCT = YES;
			};
			name = Release;
		};
		27B5775E23F6258A008F5586 /* Debug */ = {
			isa = XCBuildConfiguration;
			baseConfigurationReference = 973F0F0D6E380CDEF4539E91 /* Pods-PizzaHub.debug.xcconfig */;
			buildSettings = {
				ASSETCATALOG_COMPILER_APPICON_NAME = AppIcon;
				CODE_SIGN_STYLE = Automatic;
				DEVELOPMENT_ASSET_PATHS = "\"PizzaHub/Preview Content\"";
				ENABLE_PREVIEWS = YES;
				INFOPLIST_FILE = PizzaHub/Info.plist;
				LD_RUNPATH_SEARCH_PATHS = (
					"$(inherited)",
					"@executable_path/Frameworks",
				);
				PRODUCT_BUNDLE_IDENTIFIER = edu.newhaven.PizzaHub;
				PRODUCT_NAME = "$(TARGET_NAME)";
				SWIFT_VERSION = 5.0;
				TARGETED_DEVICE_FAMILY = "1,2";
			};
			name = Debug;
		};
		27B5775F23F6258A008F5586 /* Release */ = {
			isa = XCBuildConfiguration;
			baseConfigurationReference = 77C8720EB54465F4D23D1067 /* Pods-PizzaHub.release.xcconfig */;
			buildSettings = {
				ASSETCATALOG_COMPILER_APPICON_NAME = AppIcon;
				CODE_SIGN_STYLE = Automatic;
				DEVELOPMENT_ASSET_PATHS = "\"PizzaHub/Preview Content\"";
				ENABLE_PREVIEWS = YES;
				INFOPLIST_FILE = PizzaHub/Info.plist;
				LD_RUNPATH_SEARCH_PATHS = (
					"$(inherited)",
					"@executable_path/Frameworks",
				);
				PRODUCT_BUNDLE_IDENTIFIER = edu.newhaven.PizzaHub;
				PRODUCT_NAME = "$(TARGET_NAME)";
				SWIFT_VERSION = 5.0;
				TARGETED_DEVICE_FAMILY = "1,2";
			};
			name = Release;
		};
		27B5776123F6258A008F5586 /* Debug */ = {
			isa = XCBuildConfiguration;
			baseConfigurationReference = F96156B56168694F709BDA27 /* Pods-PizzaHubTests.debug.xcconfig */;
			buildSettings = {
				ALWAYS_EMBED_SWIFT_STANDARD_LIBRARIES = YES;
				BUNDLE_LOADER = "$(TEST_HOST)";
				CODE_SIGN_STYLE = Automatic;
				INFOPLIST_FILE = PizzaHubTests/Info.plist;
				IPHONEOS_DEPLOYMENT_TARGET = 13.2;
				LD_RUNPATH_SEARCH_PATHS = (
					"$(inherited)",
					"@executable_path/Frameworks",
					"@loader_path/Frameworks",
				);
				PRODUCT_BUNDLE_IDENTIFIER = edu.newhaven.PizzaHubTests;
				PRODUCT_NAME = "$(TARGET_NAME)";
				SWIFT_VERSION = 5.0;
				TARGETED_DEVICE_FAMILY = "1,2";
				TEST_HOST = "$(BUILT_PRODUCTS_DIR)/PizzaHub.app/PizzaHub";
			};
			name = Debug;
		};
		27B5776223F6258A008F5586 /* Release */ = {
			isa = XCBuildConfiguration;
			baseConfigurationReference = F4C939B8747A7C38D623375A /* Pods-PizzaHubTests.release.xcconfig */;
			buildSettings = {
				ALWAYS_EMBED_SWIFT_STANDARD_LIBRARIES = YES;
				BUNDLE_LOADER = "$(TEST_HOST)";
				CODE_SIGN_STYLE = Automatic;
				INFOPLIST_FILE = PizzaHubTests/Info.plist;
				IPHONEOS_DEPLOYMENT_TARGET = 13.2;
				LD_RUNPATH_SEARCH_PATHS = (
					"$(inherited)",
					"@executable_path/Frameworks",
					"@loader_path/Frameworks",
				);
				PRODUCT_BUNDLE_IDENTIFIER = edu.newhaven.PizzaHubTests;
				PRODUCT_NAME = "$(TARGET_NAME)";
				SWIFT_VERSION = 5.0;
				TARGETED_DEVICE_FAMILY = "1,2";
				TEST_HOST = "$(BUILT_PRODUCTS_DIR)/PizzaHub.app/PizzaHub";
			};
			name = Release;
		};
		27B5776423F6258A008F5586 /* Debug */ = {
			isa = XCBuildConfiguration;
			baseConfigurationReference = AC316302FCB419550C6D3DF5 /* Pods-PizzaHub-PizzaHubUITests.debug.xcconfig */;
			buildSettings = {
				ALWAYS_EMBED_SWIFT_STANDARD_LIBRARIES = YES;
				CODE_SIGN_STYLE = Automatic;
				INFOPLIST_FILE = PizzaHubUITests/Info.plist;
				LD_RUNPATH_SEARCH_PATHS = (
					"$(inherited)",
					"@executable_path/Frameworks",
					"@loader_path/Frameworks",
				);
				PRODUCT_BUNDLE_IDENTIFIER = edu.newhaven.PizzaHubUITests;
				PRODUCT_NAME = "$(TARGET_NAME)";
				SWIFT_VERSION = 5.0;
				TARGETED_DEVICE_FAMILY = "1,2";
				TEST_TARGET_NAME = PizzaHub;
			};
			name = Debug;
		};
		27B5776523F6258A008F5586 /* Release */ = {
			isa = XCBuildConfiguration;
			baseConfigurationReference = 1C5DC3479CC65280D5B7A1EC /* Pods-PizzaHub-PizzaHubUITests.release.xcconfig */;
			buildSettings = {
				ALWAYS_EMBED_SWIFT_STANDARD_LIBRARIES = YES;
				CODE_SIGN_STYLE = Automatic;
				INFOPLIST_FILE = PizzaHubUITests/Info.plist;
				LD_RUNPATH_SEARCH_PATHS = (
					"$(inherited)",
					"@executable_path/Frameworks",
					"@loader_path/Frameworks",
				);
				PRODUCT_BUNDLE_IDENTIFIER = edu.newhaven.PizzaHubUITests;
				PRODUCT_NAME = "$(TARGET_NAME)";
				SWIFT_VERSION = 5.0;
				TARGETED_DEVICE_FAMILY = "1,2";
				TEST_TARGET_NAME = PizzaHub;
			};
			name = Release;
		};
/* End XCBuildConfiguration section */

/* Begin XCConfigurationList section */
		27B5772E23F62587008F5586 /* Build configuration list for PBXProject "PizzaHub" */ = {
			isa = XCConfigurationList;
			buildConfigurations = (
				27B5775B23F6258A008F5586 /* Debug */,
				27B5775C23F6258A008F5586 /* Release */,
			);
			defaultConfigurationIsVisible = 0;
			defaultConfigurationName = Release;
		};
		27B5775D23F6258A008F5586 /* Build configuration list for PBXNativeTarget "PizzaHub" */ = {
			isa = XCConfigurationList;
			buildConfigurations = (
				27B5775E23F6258A008F5586 /* Debug */,
				27B5775F23F6258A008F5586 /* Release */,
			);
			defaultConfigurationIsVisible = 0;
			defaultConfigurationName = Release;
		};
		27B5776023F6258A008F5586 /* Build configuration list for PBXNativeTarget "PizzaHubTests" */ = {
			isa = XCConfigurationList;
			buildConfigurations = (
				27B5776123F6258A008F5586 /* Debug */,
				27B5776223F6258A008F5586 /* Release */,
			);
			defaultConfigurationIsVisible = 0;
			defaultConfigurationName = Release;
		};
		27B5776323F6258A008F5586 /* Build configuration list for PBXNativeTarget "PizzaHubUITests" */ = {
			isa = XCConfigurationList;
			buildConfigurations = (
				27B5776423F6258A008F5586 /* Debug */,
				27B5776523F6258A008F5586 /* Release */,
			);
			defaultConfigurationIsVisible = 0;
			defaultConfigurationName = Release;
		};
/* End XCConfigurationList section */
	};
	rootObject = 27B5772B23F62587008F5586 /* Project object */;
}
